// !$*UTF8*$!
{
	archiveVersion = 1;
	classes = {
	};
	objectVersion = 56;
	objects = {

/* Begin PBXBuildFile section */
		68A1EE5E2B5017730017E74A /* LogoView.swift in Sources */ = {isa = PBXBuildFile; fileRef = 68A1EE5D2B5017720017E74A /* LogoView.swift */; };
		68A1EE632B5038540017E74A /* SplashScreenView.swift in Sources */ = {isa = PBXBuildFile; fileRef = 68A1EE622B5038540017E74A /* SplashScreenView.swift */; };
		68AD16F32B445E1D00B200BE /* HamiApp.swift in Sources */ = {isa = PBXBuildFile; fileRef = 68AD16F22B445E1D00B200BE /* HamiApp.swift */; };
		68AD16F52B445E1D00B200BE /* ContentView.swift in Sources */ = {isa = PBXBuildFile; fileRef = 68AD16F42B445E1D00B200BE /* ContentView.swift */; };
		68AD16F72B445E2500B200BE /* Assets.xcassets in Resources */ = {isa = PBXBuildFile; fileRef = 68AD16F62B445E2500B200BE /* Assets.xcassets */; };
		68AD16FA2B445E2500B200BE /* Preview Assets.xcassets in Resources */ = {isa = PBXBuildFile; fileRef = 68AD16F92B445E2500B200BE /* Preview Assets.xcassets */; };
		68AD17062B44620E00B200BE /* DataController.swift in Sources */ = {isa = PBXBuildFile; fileRef = 68AD17052B44620E00B200BE /* DataController.swift */; };
		68AD17092B470AE900B200BE /* PersonsModel.xcdatamodeld in Sources */ = {isa = PBXBuildFile; fileRef = 68AD17072B470AE900B200BE /* PersonsModel.xcdatamodeld */; };
		68AD170D2B472C4800B200BE /* AddPersonsView.swift in Sources */ = {isa = PBXBuildFile; fileRef = 68AD170C2B472C4800B200BE /* AddPersonsView.swift */; };
		68AD170F2B47350A00B200BE /* TimeFormatting.swift in Sources */ = {isa = PBXBuildFile; fileRef = 68AD170E2B47350900B200BE /* TimeFormatting.swift */; };
		68AD17112B47467700B200BE /* EditPersonView.swift in Sources */ = {isa = PBXBuildFile; fileRef = 68AD17102B47467700B200BE /* EditPersonView.swift */; };
/* End PBXBuildFile section */

/* Begin PBXFileReference section */
		68A1EE5D2B5017720017E74A /* LogoView.swift */ = {isa = PBXFileReference; lastKnownFileType = sourcecode.swift; path = LogoView.swift; sourceTree = "<group>"; };
		68A1EE622B5038540017E74A /* SplashScreenView.swift */ = {isa = PBXFileReference; indentWidth = 50; lastKnownFileType = sourcecode.swift; path = SplashScreenView.swift; sourceTree = "<group>"; tabWidth = 30; };
		68AD16EF2B445E1D00B200BE /* Hami.app */ = {isa = PBXFileReference; explicitFileType = wrapper.application; includeInIndex = 0; path = Hami.app; sourceTree = BUILT_PRODUCTS_DIR; };
		68AD16F22B445E1D00B200BE /* HamiApp.swift */ = {isa = PBXFileReference; lastKnownFileType = sourcecode.swift; path = HamiApp.swift; sourceTree = "<group>"; };
		68AD16F42B445E1D00B200BE /* ContentView.swift */ = {isa = PBXFileReference; lastKnownFileType = sourcecode.swift; path = ContentView.swift; sourceTree = "<group>"; };
		68AD16F62B445E2500B200BE /* Assets.xcassets */ = {isa = PBXFileReference; lastKnownFileType = folder.assetcatalog; path = Assets.xcassets; sourceTree = "<group>"; };
		68AD16F92B445E2500B200BE /* Preview Assets.xcassets */ = {isa = PBXFileReference; lastKnownFileType = folder.assetcatalog; path = "Preview Assets.xcassets"; sourceTree = "<group>"; };
		68AD17052B44620E00B200BE /* DataController.swift */ = {isa = PBXFileReference; lastKnownFileType = sourcecode.swift; path = DataController.swift; sourceTree = "<group>"; };
		68AD17082B470AE900B200BE /* PersonsModel.xcdatamodel */ = {isa = PBXFileReference; lastKnownFileType = wrapper.xcdatamodel; path = PersonsModel.xcdatamodel; sourceTree = "<group>"; };
		68AD170C2B472C4800B200BE /* AddPersonsView.swift */ = {isa = PBXFileReference; lastKnownFileType = sourcecode.swift; path = AddPersonsView.swift; sourceTree = "<group>"; };
		68AD170E2B47350900B200BE /* TimeFormatting.swift */ = {isa = PBXFileReference; lastKnownFileType = sourcecode.swift; path = TimeFormatting.swift; sourceTree = "<group>"; };
		68AD17102B47467700B200BE /* EditPersonView.swift */ = {isa = PBXFileReference; lastKnownFileType = sourcecode.swift; path = EditPersonView.swift; sourceTree = "<group>"; };
/* End PBXFileReference section */

/* Begin PBXFrameworksBuildPhase section */
		68AD16EC2B445E1D00B200BE /* Frameworks */ = {
			isa = PBXFrameworksBuildPhase;
			buildActionMask = 2147483647;
			files = (
			);
			runOnlyForDeploymentPostprocessing = 0;
		};
/* End PBXFrameworksBuildPhase section */

/* Begin PBXGroup section */
		68A1EE5C2B5017300017E74A /* Header */ = {
			isa = PBXGroup;
			children = (
				68A1EE5D2B5017720017E74A /* LogoView.swift */,
			);
			path = Header;
			sourceTree = "<group>";
		};
		68A1EE612B50383C0017E74A /* SplashScreen */ = {
			isa = PBXGroup;
			children = (
				68A1EE622B5038540017E74A /* SplashScreenView.swift */,
			);
			path = SplashScreen;
			sourceTree = "<group>";
		};
		68AD16E62B445E1C00B200BE = {
			isa = PBXGroup;
			children = (
				68AD16F12B445E1D00B200BE /* Hami */,
				68AD16F02B445E1D00B200BE /* Products */,
			);
			sourceTree = "<group>";
		};
		68AD16F02B445E1D00B200BE /* Products */ = {
			isa = PBXGroup;
			children = (
				68AD16EF2B445E1D00B200BE /* Hami.app */,
			);
			name = Products;
			sourceTree = "<group>";
		};
		68AD16F12B445E1D00B200BE /* Hami */ = {
			isa = PBXGroup;
			children = (
				68AD16F22B445E1D00B200BE /* HamiApp.swift */,
				68A1EE5C2B5017300017E74A /* Header */,
				68A1EE612B50383C0017E74A /* SplashScreen */,
				68AD170B2B472BC700B200BE /* Helpers */,
				68AD170A2B472B9300B200BE /* Views */,
				68AD17002B445E7100B200BE /* DataModel */,
				68AD16F62B445E2500B200BE /* Assets.xcassets */,
				68AD16F82B445E2500B200BE /* Preview Content */,
			);
			path = Hami;
			sourceTree = "<group>";
		};
		68AD16F82B445E2500B200BE /* Preview Content */ = {
			isa = PBXGroup;
			children = (
				68AD16F92B445E2500B200BE /* Preview Assets.xcassets */,
			);
			path = "Preview Content";
			sourceTree = "<group>";
		};
		68AD17002B445E7100B200BE /* DataModel */ = {
			isa = PBXGroup;
			children = (
				68AD17072B470AE900B200BE /* PersonsModel.xcdatamodeld */,
				68AD17052B44620E00B200BE /* DataController.swift */,
			);
			path = DataModel;
			sourceTree = "<group>";
		};
		68AD170A2B472B9300B200BE /* Views */ = {
			isa = PBXGroup;
			children = (
				68AD16F42B445E1D00B200BE /* ContentView.swift */,
				68AD170C2B472C4800B200BE /* AddPersonsView.swift */,
				68AD17102B47467700B200BE /* EditPersonView.swift */,
			);
			path = Views;
			sourceTree = "<group>";
		};
		68AD170B2B472BC700B200BE /* Helpers */ = {
			isa = PBXGroup;
			children = (
				68AD170E2B47350900B200BE /* TimeFormatting.swift */,
			);
			path = Helpers;
			sourceTree = "<group>";
		};
/* End PBXGroup section */

/* Begin PBXNativeTarget section */
		68AD16EE2B445E1D00B200BE /* Hami */ = {
			isa = PBXNativeTarget;
			buildConfigurationList = 68AD16FD2B445E2500B200BE /* Build configuration list for PBXNativeTarget "Hami" */;
			buildPhases = (
				68AD16EB2B445E1D00B200BE /* Sources */,
				68AD16EC2B445E1D00B200BE /* Frameworks */,
				68AD16ED2B445E1D00B200BE /* Resources */,
			);
			buildRules = (
			);
			dependencies = (
			);
			name = Hami;
			productName = Hami;
			productReference = 68AD16EF2B445E1D00B200BE /* Hami.app */;
			productType = "com.apple.product-type.application";
		};
/* End PBXNativeTarget section */

/* Begin PBXProject section */
		68AD16E72B445E1C00B200BE /* Project object */ = {
			isa = PBXProject;
			attributes = {
				BuildIndependentTargetsInParallel = 1;
				LastSwiftUpdateCheck = 1510;
				LastUpgradeCheck = 1510;
				TargetAttributes = {
					68AD16EE2B445E1D00B200BE = {
						CreatedOnToolsVersion = 15.1;
					};
				};
			};
			buildConfigurationList = 68AD16EA2B445E1C00B200BE /* Build configuration list for PBXProject "Hami" */;
			compatibilityVersion = "Xcode 14.0";
			developmentRegion = en;
			hasScannedForEncodings = 0;
			knownRegions = (
				en,
				Base,
			);
			mainGroup = 68AD16E62B445E1C00B200BE;
			productRefGroup = 68AD16F02B445E1D00B200BE /* Products */;
			projectDirPath = "";
			projectRoot = "";
			targets = (
				68AD16EE2B445E1D00B200BE /* Hami */,
			);
		};
/* End PBXProject section */

/* Begin PBXResourcesBuildPhase section */
		68AD16ED2B445E1D00B200BE /* Resources */ = {
			isa = PBXResourcesBuildPhase;
			buildActionMask = 2147483647;
			files = (
				68AD16FA2B445E2500B200BE /* Preview Assets.xcassets in Resources */,
				68AD16F72B445E2500B200BE /* Assets.xcassets in Resources */,
			);
			runOnlyForDeploymentPostprocessing = 0;
		};
/* End PBXResourcesBuildPhase section */

/* Begin PBXSourcesBuildPhase section */
		68AD16EB2B445E1D00B200BE /* Sources */ = {
			isa = PBXSourcesBuildPhase;
			buildActionMask = 2147483647;
			files = (
				68AD17112B47467700B200BE /* EditPersonView.swift in Sources */,
				68AD17092B470AE900B200BE /* PersonsModel.xcdatamodeld in Sources */,
				68A1EE632B5038540017E74A /* SplashScreenView.swift in Sources */,
				68AD17062B44620E00B200BE /* DataController.swift in Sources */,
				68AD16F52B445E1D00B200BE /* ContentView.swift in Sources */,
				68AD16F32B445E1D00B200BE /* HamiApp.swift in Sources */,
				68A1EE5E2B5017730017E74A /* LogoView.swift in Sources */,
				68AD170D2B472C4800B200BE /* AddPersonsView.swift in Sources */,
				68AD170F2B47350A00B200BE /* TimeFormatting.swift in Sources */,
			);
			runOnlyForDeploymentPostprocessing = 0;
		};
/* End PBXSourcesBuildPhase section */

/* Begin XCBuildConfiguration section */
		68AD16FB2B445E2500B200BE /* Debug */ = {
			isa = XCBuildConfiguration;
			buildSettings = {
				ALWAYS_SEARCH_USER_PATHS = NO;
				ASSETCATALOG_COMPILER_GENERATE_SWIFT_ASSET_SYMBOL_EXTENSIONS = YES;
				CLANG_ANALYZER_NONNULL = YES;
				CLANG_ANALYZER_NUMBER_OBJECT_CONVERSION = YES_AGGRESSIVE;
				CLANG_CXX_LANGUAGE_STANDARD = "gnu++20";
				CLANG_ENABLE_MODULES = YES;
				CLANG_ENABLE_OBJC_ARC = YES;
				CLANG_ENABLE_OBJC_WEAK = YES;
				CLANG_WARN_BLOCK_CAPTURE_AUTORELEASING = YES;
				CLANG_WARN_BOOL_CONVERSION = YES;
				CLANG_WARN_COMMA = YES;
				CLANG_WARN_CONSTANT_CONVERSION = YES;
				CLANG_WARN_DEPRECATED_OBJC_IMPLEMENTATIONS = YES;
				CLANG_WARN_DIRECT_OBJC_ISA_USAGE = YES_ERROR;
				CLANG_WARN_DOCUMENTATION_COMMENTS = YES;
				CLANG_WARN_EMPTY_BODY = YES;
				CLANG_WARN_ENUM_CONVERSION = YES;
				CLANG_WARN_INFINITE_RECURSION = YES;
				CLANG_WARN_INT_CONVERSION = YES;
				CLANG_WARN_NON_LITERAL_NULL_CONVERSION = YES;
				CLANG_WARN_OBJC_IMPLICIT_RETAIN_SELF = YES;
				CLANG_WARN_OBJC_LITERAL_CONVERSION = YES;
				CLANG_WARN_OBJC_ROOT_CLASS = YES_ERROR;
				CLANG_WARN_QUOTED_INCLUDE_IN_FRAMEWORK_HEADER = YES;
				CLANG_WARN_RANGE_LOOP_ANALYSIS = YES;
				CLANG_WARN_STRICT_PROTOTYPES = YES;
				CLANG_WARN_SUSPICIOUS_MOVE = YES;
				CLANG_WARN_UNGUARDED_AVAILABILITY = YES_AGGRESSIVE;
				CLANG_WARN_UNREACHABLE_CODE = YES;
				CLANG_WARN__DUPLICATE_METHOD_MATCH = YES;
				COPY_PHASE_STRIP = NO;
				DEBUG_INFORMATION_FORMAT = dwarf;
				ENABLE_STRICT_OBJC_MSGSEND = YES;
				ENABLE_TESTABILITY = YES;
				ENABLE_USER_SCRIPT_SANDBOXING = YES;
				GCC_C_LANGUAGE_STANDARD = gnu17;
				GCC_DYNAMIC_NO_PIC = NO;
				GCC_NO_COMMON_BLOCKS = YES;
				GCC_OPTIMIZATION_LEVEL = 0;
				GCC_PREPROCESSOR_DEFINITIONS = (
					"DEBUG=1",
					"$(inherited)",
				);
				GCC_WARN_64_TO_32_BIT_CONVERSION = YES;
				GCC_WARN_ABOUT_RETURN_TYPE = YES_ERROR;
				GCC_WARN_UNDECLARED_SELECTOR = YES;
				GCC_WARN_UNINITIALIZED_AUTOS = YES_AGGRESSIVE;
				GCC_WARN_UNUSED_FUNCTION = YES;
				GCC_WARN_UNUSED_VARIABLE = YES;
				IPHONEOS_DEPLOYMENT_TARGET = 17.2;
				LOCALIZATION_PREFERS_STRING_CATALOGS = YES;
				MTL_ENABLE_DEBUG_INFO = INCLUDE_SOURCE;
				MTL_FAST_MATH = YES;
				ONLY_ACTIVE_ARCH = YES;
				SDKROOT = iphoneos;
				SWIFT_ACTIVE_COMPILATION_CONDITIONS = "DEBUG $(inherited)";
				SWIFT_OPTIMIZATION_LEVEL = "-Onone";
			};
			name = Debug;
		};
		68AD16FC2B445E2500B200BE /* Release */ = {
			isa = XCBuildConfiguration;
			buildSettings = {
				ALWAYS_SEARCH_USER_PATHS = NO;
				ASSETCATALOG_COMPILER_GENERATE_SWIFT_ASSET_SYMBOL_EXTENSIONS = YES;
				CLANG_ANALYZER_NONNULL = YES;
				CLANG_ANALYZER_NUMBER_OBJECT_CONVERSION = YES_AGGRESSIVE;
				CLANG_CXX_LANGUAGE_STANDARD = "gnu++20";
				CLANG_ENABLE_MODULES = YES;
				CLANG_ENABLE_OBJC_ARC = YES;
				CLANG_ENABLE_OBJC_WEAK = YES;
				CLANG_WARN_BLOCK_CAPTURE_AUTORELEASING = YES;
				CLANG_WARN_BOOL_CONVERSION = YES;
				CLANG_WARN_COMMA = YES;
				CLANG_WARN_CONSTANT_CONVERSION = YES;
				CLANG_WARN_DEPRECATED_OBJC_IMPLEMENTATIONS = YES;
				CLANG_WARN_DIRECT_OBJC_ISA_USAGE = YES_ERROR;
				CLANG_WARN_DOCUMENTATION_COMMENTS = YES;
				CLANG_WARN_EMPTY_BODY = YES;
				CLANG_WARN_ENUM_CONVERSION = YES;
				CLANG_WARN_INFINITE_RECURSION = YES;
				CLANG_WARN_INT_CONVERSION = YES;
				CLANG_WARN_NON_LITERAL_NULL_CONVERSION = YES;
				CLANG_WARN_OBJC_IMPLICIT_RETAIN_SELF = YES;
				CLANG_WARN_OBJC_LITERAL_CONVERSION = YES;
				CLANG_WARN_OBJC_ROOT_CLASS = YES_ERROR;
				CLANG_WARN_QUOTED_INCLUDE_IN_FRAMEWORK_HEADER = YES;
				CLANG_WARN_RANGE_LOOP_ANALYSIS = YES;
				CLANG_WARN_STRICT_PROTOTYPES = YES;
				CLANG_WARN_SUSPICIOUS_MOVE = YES;
				CLANG_WARN_UNGUARDED_AVAILABILITY = YES_AGGRESSIVE;
				CLANG_WARN_UNREACHABLE_CODE = YES;
				CLANG_WARN__DUPLICATE_METHOD_MATCH = YES;
				COPY_PHASE_STRIP = NO;
				DEBUG_INFORMATION_FORMAT = "dwarf-with-dsym";
				ENABLE_NS_ASSERTIONS = NO;
				ENABLE_STRICT_OBJC_MSGSEND = YES;
				ENABLE_USER_SCRIPT_SANDBOXING = YES;
				GCC_C_LANGUAGE_STANDARD = gnu17;
				GCC_NO_COMMON_BLOCKS = YES;
				GCC_WARN_64_TO_32_BIT_CONVERSION = YES;
				GCC_WARN_ABOUT_RETURN_TYPE = YES_ERROR;
				GCC_WARN_UNDECLARED_SELECTOR = YES;
				GCC_WARN_UNINITIALIZED_AUTOS = YES_AGGRESSIVE;
				GCC_WARN_UNUSED_FUNCTION = YES;
				GCC_WARN_UNUSED_VARIABLE = YES;
				IPHONEOS_DEPLOYMENT_TARGET = 17.2;
				LOCALIZATION_PREFERS_STRING_CATALOGS = YES;
				MTL_ENABLE_DEBUG_INFO = NO;
				MTL_FAST_MATH = YES;
				SDKROOT = iphoneos;
				SWIFT_COMPILATION_MODE = wholemodule;
				VALIDATE_PRODUCT = YES;
			};
			name = Release;
		};
		68AD16FE2B445E2500B200BE /* Debug */ = {
			isa = XCBuildConfiguration;
			buildSettings = {
				ASSETCATALOG_COMPILER_APPICON_NAME = AppIcon;
				ASSETCATALOG_COMPILER_GLOBAL_ACCENT_COLOR_NAME = AccentColor;
				CODE_SIGN_STYLE = Automatic;
				CURRENT_PROJECT_VERSION = 1;
				DEVELOPMENT_ASSET_PATHS = "\"Hami/Preview Content\"";
				DEVELOPMENT_TEAM = 327HDP4J36;
				ENABLE_PREVIEWS = YES;
				GENERATE_INFOPLIST_FILE = YES;
				INFOPLIST_KEY_UIApplicationSceneManifest_Generation = YES;
				INFOPLIST_KEY_UIApplicationSupportsIndirectInputEvents = YES;
				INFOPLIST_KEY_UILaunchScreen_Generation = YES;
				INFOPLIST_KEY_UISupportedInterfaceOrientations_iPad = "UIInterfaceOrientationPortrait UIInterfaceOrientationPortraitUpsideDown UIInterfaceOrientationLandscapeLeft UIInterfaceOrientationLandscapeRight";
				INFOPLIST_KEY_UISupportedInterfaceOrientations_iPhone = "UIInterfaceOrientationPortrait UIInterfaceOrientationLandscapeLeft UIInterfaceOrientationLandscapeRight";
				LD_RUNPATH_SEARCH_PATHS = (
					"$(inherited)",
					"@executable_path/Frameworks",
				);
				MARKETING_VERSION = 1.0;
				PRODUCT_BUNDLE_IDENTIFIER = "Adel-Hassanpour.Hami";
				PRODUCT_NAME = "$(TARGET_NAME)";
				SWIFT_EMIT_LOC_STRINGS = YES;
				SWIFT_VERSION = 5.0;
				TARGETED_DEVICE_FAMILY = "1,2";
			};
			name = Debug;
		};
		68AD16FF2B445E2500B200BE /* Release */ = {
			isa = XCBuildConfiguration;
			buildSettings = {
				ASSETCATALOG_COMPILER_APPICON_NAME = AppIcon;
				ASSETCATALOG_COMPILER_GLOBAL_ACCENT_COLOR_NAME = AccentColor;
				CODE_SIGN_STYLE = Automatic;
				CURRENT_PROJECT_VERSION = 1;
				DEVELOPMENT_ASSET_PATHS = "\"Hami/Preview Content\"";
				DEVELOPMENT_TEAM = 327HDP4J36;
				ENABLE_PREVIEWS = YES;
				GENERATE_INFOPLIST_FILE = YES;
				INFOPLIST_KEY_UIApplicationSceneManifest_Generation = YES;
				INFOPLIST_KEY_UIApplicationSupportsIndirectInputEvents = YES;
				INFOPLIST_KEY_UILaunchScreen_Generation = YES;
				INFOPLIST_KEY_UISupportedInterfaceOrientations_iPad = "UIInterfaceOrientationPortrait UIInterfaceOrientationPortraitUpsideDown UIInterfaceOrientationLandscapeLeft UIInterfaceOrientationLandscapeRight";
				INFOPLIST_KEY_UISupportedInterfaceOrientations_iPhone = "UIInterfaceOrientationPortrait UIInterfaceOrientationLandscapeLeft UIInterfaceOrientationLandscapeRight";
				LD_RUNPATH_SEARCH_PATHS = (
					"$(inherited)",
					"@executable_path/Frameworks",
				);
				MARKETING_VERSION = 1.0;
				PRODUCT_BUNDLE_IDENTIFIER = "Adel-Hassanpour.Hami";
				PRODUCT_NAME = "$(TARGET_NAME)";
				SWIFT_EMIT_LOC_STRINGS = YES;
				SWIFT_VERSION = 5.0;
				TARGETED_DEVICE_FAMILY = "1,2";
			};
			name = Release;
		};
/* End XCBuildConfiguration section */

/* Begin XCConfigurationList section */
		68AD16EA2B445E1C00B200BE /* Build configuration list for PBXProject "Hami" */ = {
			isa = XCConfigurationList;
			buildConfigurations = (
				68AD16FB2B445E2500B200BE /* Debug */,
				68AD16FC2B445E2500B200BE /* Release */,
			);
			defaultConfigurationIsVisible = 0;
			defaultConfigurationName = Release;
		};
		68AD16FD2B445E2500B200BE /* Build configuration list for PBXNativeTarget "Hami" */ = {
			isa = XCConfigurationList;
			buildConfigurations = (
				68AD16FE2B445E2500B200BE /* Debug */,
				68AD16FF2B445E2500B200BE /* Release */,
			);
			defaultConfigurationIsVisible = 0;
			defaultConfigurationName = Release;
		};
/* End XCConfigurationList section */

/* Begin XCVersionGroup section */
		68AD17072B470AE900B200BE /* PersonsModel.xcdatamodeld */ = {
			isa = XCVersionGroup;
			children = (
				68AD17082B470AE900B200BE /* PersonsModel.xcdatamodel */,
			);
			currentVersion = 68AD17082B470AE900B200BE /* PersonsModel.xcdatamodel */;
			path = PersonsModel.xcdatamodeld;
			sourceTree = "<group>";
			versionGroupType = wrapper.xcdatamodel;
		};
/* End XCVersionGroup section */
	};
	rootObject = 68AD16E72B445E1C00B200BE /* Project object */;
}
